Microsoft Visual Studio Solution File, Format Version 12.00
# Visual Studio Version 16
VisualStudioVersion = 16.0.29920.165
MinimumVisualStudioVersion = 10.0.40219.1
Project("{FAE04EC0-301F-11D3-BF4B-00C04F79EFBC}") = "79Nebula", "79Nebula.csproj", "{93537AC7-3FC9-4A4C-81EB-29B0C48FADCD}"
EndProject
Project("{FAE04EC0-301F-11D3-BF4B-00C04F79EFBC}") = "Tests", "Tests\Tests.csproj", "{27804A53-A8F9-428C-AFFF-2A5AB7209587}"
EndProject
Global
	GlobalSection(SolutionConfigurationPlatforms) = preSolution
		Debug|Any CPU = Debug|Any CPU
		Release|Any CPU = Release|Any CPU
		Test|Any CPU = Test|Any CPU
		Tools|Any CPU = Tools|Any CPU
	EndGlobalSection
	GlobalSection(ProjectConfigurationPlatforms) = postSolution
		{93537AC7-3FC9-4A4C-81EB-29B0C48FADCD}.Debug|Any CPU.ActiveCfg = Debug|Any CPU
		{93537AC7-3FC9-4A4C-81EB-29B0C48FADCD}.Debug|Any CPU.Build.0 = Debug|Any CPU
		{93537AC7-3FC9-4A4C-81EB-29B0C48FADCD}.Release|Any CPU.ActiveCfg = Release|Any CPU
		{93537AC7-3FC9-4A4C-81EB-29B0C48FADCD}.Release|Any CPU.Build.0 = Release|Any CPU
		{93537AC7-3FC9-4A4C-81EB-29B0C48FADCD}.Test|Any CPU.ActiveCfg = Test|Any CPU
		{93537AC7-3FC9-4A4C-81EB-29B0C48FADCD}.Test|Any CPU.Build.0 = Test|Any CPU
		{93537AC7-3FC9-4A4C-81EB-29B0C48FADCD}.Tools|Any CPU.ActiveCfg = Tools|Any CPU
		{93537AC7-3FC9-4A4C-81EB-29B0C48FADCD}.Tools|Any CPU.Build.0 = Tools|Any CPU
		{27804A53-A8F9-428C-AFFF-2A5AB7209587}.Debug|Any CPU.ActiveCfg = Debug|Any CPU
		{27804A53-A8F9-428C-AFFF-2A5AB7209587}.Debug|Any CPU.Build.0 = Debug|Any CPU
		{27804A53-A8F9-428C-AFFF-2A5AB7209587}.Release|Any CPU.ActiveCfg = Release|Any CPU
		{27804A53-A8F9-428C-AFFF-2A5AB7209587}.Release|Any CPU.Build.0 = Release|Any CPU
		{27804A53-A8F9-428C-AFFF-2A5AB7209587}.Test|Any CPU.ActiveCfg = Debug|Any CPU
		{27804A53-A8F9-428C-AFFF-2A5AB7209587}.Test|Any CPU.Build.0 = Debug|Any CPU
		{27804A53-A8F9-428C-AFFF-2A5AB7209587}.Tools|Any CPU.ActiveCfg = Debug|Any CPU
		{27804A53-A8F9-428C-AFFF-2A5AB7209587}.Tools|Any CPU.Build.0 = Debug|Any CPU
	EndGlobalSection
	GlobalSection(SolutionProperties) = preSolution
		HideSolutionNode = FALSE
	EndGlobalSection
	GlobalSection(ExtensibilityGlobals) = postSolution
		SolutionGuid = {4A4D2576-841D-4B59-83E9-DD62DBEBDD54}
	EndGlobalSection
EndGlobal
