Microsoft Visual Studio Solution File, Format Version 12.00
# Visual Studio Version 16
VisualStudioVersion = 16.0.29920.165
MinimumVisualStudioVersion = 10.0.40219.1
Project("{FAE04EC0-301F-11D3-BF4B-00C04F79EFBC}") = "79Nebula", "79Nebula.csproj", "{93537AC7-3FC9-4A4C-81EB-29B0C48FADCD}"
EndProject
Project("{9A19103F-16F7-4668-BE54-9A1E7A4F7556}") = "Tests", "Tests\Tests.csproj", "{27804A53-A8F9-428C-AFFF-2A5AB7209587}"
EndProject
Global
	GlobalSection(SolutionConfigurationPlatforms) = preSolution
		Android Emulator|Any CPU = Android Emulator|Any CPU
		Android Emulator|x64 = Android Emulator|x64
		Debug|Any CPU = Debug|Any CPU
		Debug|x64 = Debug|x64
		Release|Any CPU = Release|Any CPU
		Release|x64 = Release|x64
		Test|Any CPU = Test|Any CPU
		Test|x64 = Test|x64
		Tools|Any CPU = Tools|Any CPU
		Tools|x64 = Tools|x64
		USB Device (Android)|Any CPU = USB Device (Android)|Any CPU
		USB Device (Android)|x64 = USB Device (Android)|x64
	EndGlobalSection
	GlobalSection(ProjectConfigurationPlatforms) = postSolution
		{93537AC7-3FC9-4A4C-81EB-29B0C48FADCD}.Android Emulator|Any CPU.ActiveCfg = Android Emulator|Any CPU
		{93537AC7-3FC9-4A4C-81EB-29B0C48FADCD}.Android Emulator|Any CPU.Build.0 = Android Emulator|Any CPU
		{93537AC7-3FC9-4A4C-81EB-29B0C48FADCD}.Android Emulator|x64.ActiveCfg = Android Emulator|Any CPU
		{93537AC7-3FC9-4A4C-81EB-29B0C48FADCD}.Android Emulator|x64.Build.0 = Android Emulator|Any CPU
		{93537AC7-3FC9-4A4C-81EB-29B0C48FADCD}.Debug|Any CPU.ActiveCfg = Debug|Any CPU
		{93537AC7-3FC9-4A4C-81EB-29B0C48FADCD}.Debug|Any CPU.Build.0 = Debug|Any CPU
		{93537AC7-3FC9-4A4C-81EB-29B0C48FADCD}.Debug|x64.ActiveCfg = Debug|Any CPU
		{93537AC7-3FC9-4A4C-81EB-29B0C48FADCD}.Debug|x64.Build.0 = Debug|Any CPU
		{93537AC7-3FC9-4A4C-81EB-29B0C48FADCD}.Release|Any CPU.ActiveCfg = Release|Any CPU
		{93537AC7-3FC9-4A4C-81EB-29B0C48FADCD}.Release|Any CPU.Build.0 = Release|Any CPU
		{93537AC7-3FC9-4A4C-81EB-29B0C48FADCD}.Release|x64.ActiveCfg = Release|Any CPU
		{93537AC7-3FC9-4A4C-81EB-29B0C48FADCD}.Release|x64.Build.0 = Release|Any CPU
		{93537AC7-3FC9-4A4C-81EB-29B0C48FADCD}.Test|Any CPU.ActiveCfg = Android Emulator|Any CPU
		{93537AC7-3FC9-4A4C-81EB-29B0C48FADCD}.Test|Any CPU.Build.0 = Android Emulator|Any CPU
		{93537AC7-3FC9-4A4C-81EB-29B0C48FADCD}.Test|x64.ActiveCfg = Android Emulator|Any CPU
		{93537AC7-3FC9-4A4C-81EB-29B0C48FADCD}.Test|x64.Build.0 = Android Emulator|Any CPU
		{93537AC7-3FC9-4A4C-81EB-29B0C48FADCD}.Tools|Any CPU.ActiveCfg = Android Emulator|Any CPU
		{93537AC7-3FC9-4A4C-81EB-29B0C48FADCD}.Tools|Any CPU.Build.0 = Android Emulator|Any CPU
		{93537AC7-3FC9-4A4C-81EB-29B0C48FADCD}.Tools|x64.ActiveCfg = Android Emulator|Any CPU
		{93537AC7-3FC9-4A4C-81EB-29B0C48FADCD}.Tools|x64.Build.0 = Android Emulator|Any CPU
		{93537AC7-3FC9-4A4C-81EB-29B0C48FADCD}.USB Device (Android)|Any CPU.ActiveCfg = USB Device (Android)|Any CPU
		{93537AC7-3FC9-4A4C-81EB-29B0C48FADCD}.USB Device (Android)|Any CPU.Build.0 = USB Device (Android)|Any CPU
		{93537AC7-3FC9-4A4C-81EB-29B0C48FADCD}.USB Device (Android)|x64.ActiveCfg = USB Device (Android)|Any CPU
		{93537AC7-3FC9-4A4C-81EB-29B0C48FADCD}.USB Device (Android)|x64.Build.0 = USB Device (Android)|Any CPU
		{27804A53-A8F9-428C-AFFF-2A5AB7209587}.Android Emulator|Any CPU.ActiveCfg = Release|Any CPU
		{27804A53-A8F9-428C-AFFF-2A5AB7209587}.Android Emulator|Any CPU.Build.0 = Release|Any CPU
		{27804A53-A8F9-428C-AFFF-2A5AB7209587}.Android Emulator|x64.ActiveCfg = Release|Any CPU
		{27804A53-A8F9-428C-AFFF-2A5AB7209587}.Android Emulator|x64.Build.0 = Release|Any CPU
		{27804A53-A8F9-428C-AFFF-2A5AB7209587}.Debug|Any CPU.ActiveCfg = Debug|Any CPU
		{27804A53-A8F9-428C-AFFF-2A5AB7209587}.Debug|Any CPU.Build.0 = Debug|Any CPU
		{27804A53-A8F9-428C-AFFF-2A5AB7209587}.Debug|x64.ActiveCfg = Debug|Any CPU
		{27804A53-A8F9-428C-AFFF-2A5AB7209587}.Debug|x64.Build.0 = Debug|Any CPU
		{27804A53-A8F9-428C-AFFF-2A5AB7209587}.Release|Any CPU.ActiveCfg = Release|Any CPU
		{27804A53-A8F9-428C-AFFF-2A5AB7209587}.Release|Any CPU.Build.0 = Release|Any CPU
		{27804A53-A8F9-428C-AFFF-2A5AB7209587}.Release|x64.ActiveCfg = Release|Any CPU
		{27804A53-A8F9-428C-AFFF-2A5AB7209587}.Release|x64.Build.0 = Release|Any CPU
		{27804A53-A8F9-428C-AFFF-2A5AB7209587}.Test|Any CPU.ActiveCfg = Debug|Any CPU
		{27804A53-A8F9-428C-AFFF-2A5AB7209587}.Test|Any CPU.Build.0 = Debug|Any CPU
		{27804A53-A8F9-428C-AFFF-2A5AB7209587}.Test|x64.ActiveCfg = Release|Any CPU
		{27804A53-A8F9-428C-AFFF-2A5AB7209587}.Test|x64.Build.0 = Release|Any CPU
		{27804A53-A8F9-428C-AFFF-2A5AB7209587}.Tools|Any CPU.ActiveCfg = Debug|Any CPU
		{27804A53-A8F9-428C-AFFF-2A5AB7209587}.Tools|Any CPU.Build.0 = Debug|Any CPU
		{27804A53-A8F9-428C-AFFF-2A5AB7209587}.Tools|x64.ActiveCfg = Release|Any CPU
		{27804A53-A8F9-428C-AFFF-2A5AB7209587}.Tools|x64.Build.0 = Release|Any CPU
		{27804A53-A8F9-428C-AFFF-2A5AB7209587}.USB Device (Android)|Any CPU.ActiveCfg = Release|Any CPU
		{27804A53-A8F9-428C-AFFF-2A5AB7209587}.USB Device (Android)|Any CPU.Build.0 = Release|Any CPU
		{27804A53-A8F9-428C-AFFF-2A5AB7209587}.USB Device (Android)|x64.ActiveCfg = Release|Any CPU
		{27804A53-A8F9-428C-AFFF-2A5AB7209587}.USB Device (Android)|x64.Build.0 = Release|Any CPU
	EndGlobalSection
	GlobalSection(SolutionProperties) = preSolution
		HideSolutionNode = FALSE
	EndGlobalSection
	GlobalSection(ExtensibilityGlobals) = postSolution
		SolutionGuid = {4A4D2576-841D-4B59-83E9-DD62DBEBDD54}
	EndGlobalSection
EndGlobal
