Microsoft Visual Studio Solution File, Format Version 12.00
# Visual Studio 2012
Project("{FAE04EC0-301F-11D3-BF4B-00C04F79EFBC}") = "79Nebula", "79Nebula.csproj", "{93537AC7-3FC9-4A4C-81EB-29B0C48FADCD}"
EndProject
Global
	GlobalSection(SolutionConfigurationPlatforms) = preSolution
	Debug|Any CPU = Debug|Any CPU
	Release|Any CPU = Release|Any CPU
	Tools|Any CPU = Tools|Any CPU
	EndGlobalSection
	GlobalSection(ProjectConfigurationPlatforms) = postSolution
		{93537AC7-3FC9-4A4C-81EB-29B0C48FADCD}.Debug|Any CPU.ActiveCfg = Debug|Any CPU
		{93537AC7-3FC9-4A4C-81EB-29B0C48FADCD}.Debug|Any CPU.Build.0 = Debug|Any CPU
		{93537AC7-3FC9-4A4C-81EB-29B0C48FADCD}.Release|Any CPU.ActiveCfg = Release|Any CPU
		{93537AC7-3FC9-4A4C-81EB-29B0C48FADCD}.Release|Any CPU.Build.0 = Release|Any CPU
		{93537AC7-3FC9-4A4C-81EB-29B0C48FADCD}.Tools|Any CPU.ActiveCfg = Tools|Any CPU
		{93537AC7-3FC9-4A4C-81EB-29B0C48FADCD}.Tools|Any CPU.Build.0 = Tools|Any CPU
	EndGlobalSection
EndGlobal
